{
  "name": "micro-btc",
  "version": "0.1.0",
  "lockfileVersion": 2,
  "requires": true,
  "packages": {
    "": {
      "name": "micro-btc",
      "version": "0.1.0",
      "license": "MIT",
      "dependencies": {
        "@noble/secp256k1": "^1.7.0",
        "@scure/base": "^1.1.1",
        "micro-btc-signer": "^0.2.0"
      },
      "devDependencies": {
        "micro-should": "^0.2.0",
        "prettier": "^2.8.1",
        "typescript": "^4.9.4"
      }
    },
    "node_modules/@noble/hashes": {
      "version": "1.1.4",
      "resolved": "https://registry.npmjs.org/@noble/hashes/-/hashes-1.1.4.tgz",
      "integrity": "sha512-+PYsVPrTSqtVjatKt2A/Proukn2Yrz61OBThOCKErc5w2/r1Fh37vbDv0Eah7pyNltrmacjwTvdw3JoR+WE4TA==",
      "funding": [
        {
          "type": "individual",
          "url": "https://paulmillr.com/funding/"
        }
      ]
    },
    "node_modules/@noble/secp256k1": {
      "version": "1.7.0",
      "resolved": "https://registry.npmjs.org/@noble/secp256k1/-/secp256k1-1.7.0.tgz",
      "integrity": "sha512-kbacwGSsH/CTout0ZnZWxnW1B+jH/7r/WAAKLBtrRJ/+CUH7lgmQzl3GTrQua3SGKWNSDsS6lmjnDpIJ5Dxyaw==",
      "funding": [
        {
          "type": "individual",
          "url": "https://paulmillr.com/funding/"
        }
      ]
    },
    "node_modules/@scure/base": {
      "version": "1.1.1",
      "resolved": "https://registry.npmjs.org/@scure/base/-/base-1.1.1.tgz",
      "integrity": "sha512-ZxOhsSyxYwLJj3pLZCefNitxsj093tb2vq90mp2txoYeBqbcjDjqFhyM8eUjq/uFm6zJ+mUuqxlS2FkuSY1MTA==",
      "funding": [
        {
          "type": "individual",
          "url": "https://paulmillr.com/funding/"
        }
      ]
    },
    "node_modules/micro-btc-signer": {
      "version": "0.2.0",
      "resolved": "https://registry.npmjs.org/micro-btc-signer/-/micro-btc-signer-0.2.0.tgz",
      "integrity": "sha512-Rho4MgGnDoEt/nHKHc86+nNCU2xUu+u1XIn4+Qy3e2QeJ2FILr8f/EU80I3QDavJBGvcByrsG6qICuV178HmVg==",
      "funding": [
        {
          "type": "individual",
          "url": "https://paulmillr.com/funding/"
        }
      ],
      "dependencies": {
        "@noble/hashes": "~1.1.1",
        "@noble/secp256k1": "~1.7.0",
        "@scure/base": "~1.1.0",
        "micro-packed": "~0.3.0"
      }
    },
    "node_modules/micro-packed": {
      "version": "0.3.1",
      "resolved": "https://registry.npmjs.org/micro-packed/-/micro-packed-0.3.1.tgz",
      "integrity": "sha512-GOTor/Cdd094XYPDOsNQU6qJfki9H+A8yn8VI2thIG3GRizmuw+cTInajiG8YZ7j8m6Ev7PyJOUeRd70rQf5vA==",
      "funding": [
        {
          "type": "individual",
          "url": "https://paulmillr.com/funding/"
        }
      ],
      "dependencies": {
        "@scure/base": "~1.1.1"
      }
    },
    "node_modules/micro-should": {
      "version": "0.2.0",
      "resolved": "https://registry.npmjs.org/micro-should/-/micro-should-0.2.0.tgz",
      "integrity": "sha512-m7Dr8d6buEZbej7uVQQI6Kx023o+nvHAkgARjTVAihx4vAg0iCsYeU2aWHpi8i60sMck57BKoFISrIQDKfDHJQ==",
      "dev": true
    },
    "node_modules/prettier": {
      "version": "2.8.1",
      "resolved": "https://registry.npmjs.org/prettier/-/prettier-2.8.1.tgz",
      "integrity": "sha512-lqGoSJBQNJidqCHE80vqZJHWHRFoNYsSpP9AjFhlhi9ODCJA541svILes/+/1GM3VaL/abZi7cpFzOpdR9UPKg==",
      "dev": true,
      "bin": {
        "prettier": "bin-prettier.js"
      },
      "engines": {
        "node": ">=10.13.0"
      },
      "funding": {
        "url": "https://github.com/prettier/prettier?sponsor=1"
      }
    },
    "node_modules/typescript": {
      "version": "4.9.4",
      "resolved": "https://registry.npmjs.org/typescript/-/typescript-4.9.4.tgz",
      "integrity": "sha512-Uz+dTXYzxXXbsFpM86Wh3dKCxrQqUcVMxwU54orwlJjOpO3ao8L7j5lH+dWfTwgCwIuM9GQ2kvVotzYJMXTBZg==",
      "dev": true,
      "bin": {
        "tsc": "bin/tsc",
        "tsserver": "bin/tsserver"
      },
      "engines": {
        "node": ">=4.2.0"
      }
    }
  },
  "dependencies": {
    "@noble/hashes": {
      "version": "1.1.4",
      "resolved": "https://registry.npmjs.org/@noble/hashes/-/hashes-1.1.4.tgz",
      "integrity": "sha512-+PYsVPrTSqtVjatKt2A/Proukn2Yrz61OBThOCKErc5w2/r1Fh37vbDv0Eah7pyNltrmacjwTvdw3JoR+WE4TA=="
    },
    "@noble/secp256k1": {
      "version": "1.7.0",
      "resolved": "https://registry.npmjs.org/@noble/secp256k1/-/secp256k1-1.7.0.tgz",
      "integrity": "sha512-kbacwGSsH/CTout0ZnZWxnW1B+jH/7r/WAAKLBtrRJ/+CUH7lgmQzl3GTrQua3SGKWNSDsS6lmjnDpIJ5Dxyaw=="
    },
    "@scure/base": {
      "version": "1.1.1",
      "resolved": "https://registry.npmjs.org/@scure/base/-/base-1.1.1.tgz",
      "integrity": "sha512-ZxOhsSyxYwLJj3pLZCefNitxsj093tb2vq90mp2txoYeBqbcjDjqFhyM8eUjq/uFm6zJ+mUuqxlS2FkuSY1MTA=="
    },
    "micro-btc-signer": {
      "version": "0.2.0",
      "resolved": "https://registry.npmjs.org/micro-btc-signer/-/micro-btc-signer-0.2.0.tgz",
      "integrity": "sha512-Rho4MgGnDoEt/nHKHc86+nNCU2xUu+u1XIn4+Qy3e2QeJ2FILr8f/EU80I3QDavJBGvcByrsG6qICuV178HmVg==",
      "requires": {
        "@noble/hashes": "~1.1.1",
        "@noble/secp256k1": "~1.7.0",
        "@scure/base": "~1.1.0",
        "micro-packed": "~0.3.0"
      }
    },
    "micro-packed": {
      "version": "0.3.1",
      "resolved": "https://registry.npmjs.org/micro-packed/-/micro-packed-0.3.1.tgz",
      "integrity": "sha512-GOTor/Cdd094XYPDOsNQU6qJfki9H+A8yn8VI2thIG3GRizmuw+cTInajiG8YZ7j8m6Ev7PyJOUeRd70rQf5vA==",
      "requires": {
        "@scure/base": "~1.1.1"
      }
    },
    "micro-should": {
      "version": "0.2.0",
      "resolved": "https://registry.npmjs.org/micro-should/-/micro-should-0.2.0.tgz",
      "integrity": "sha512-m7Dr8d6buEZbej7uVQQI6Kx023o+nvHAkgARjTVAihx4vAg0iCsYeU2aWHpi8i60sMck57BKoFISrIQDKfDHJQ==",
      "dev": true
    },
    "prettier": {
      "version": "2.8.1",
      "resolved": "https://registry.npmjs.org/prettier/-/prettier-2.8.1.tgz",
      "integrity": "sha512-lqGoSJBQNJidqCHE80vqZJHWHRFoNYsSpP9AjFhlhi9ODCJA541svILes/+/1GM3VaL/abZi7cpFzOpdR9UPKg==",
      "dev": true
    },
    "typescript": {
      "version": "4.9.4",
      "resolved": "https://registry.npmjs.org/typescript/-/typescript-4.9.4.tgz",
      "integrity": "sha512-Uz+dTXYzxXXbsFpM86Wh3dKCxrQqUcVMxwU54orwlJjOpO3ao8L7j5lH+dWfTwgCwIuM9GQ2kvVotzYJMXTBZg==",
      "dev": true
    }
  }
}
